
Microsoft Visual Studio Solution File, Format Version 12.00
# Visual Studio Version 17
VisualStudioVersion = 17.8.34408.163
MinimumVisualStudioVersion = 10.0.40219.1
Project("{FAE04EC0-301F-11D3-BF4B-00C04F79EFBC}") = "DataDashboard", "DataDashboard.csproj", "{EA53B346-A3C3-4A99-95AA-00C8F1FAE1F8}"
EndProject
Global
	GlobalSection(SolutionConfigurationPlatforms) = preSolution
		Debug|Any CPU = Debug|Any CPU
		Release|Any CPU = Release|Any CPU
	EndGlobalSection
	GlobalSection(ProjectConfigurationPlatforms) = postSolution
		{EA53B346-A3C3-4A99-95AA-00C8F1FAE1F8}.Debug|Any CPU.ActiveCfg = Debug|Any CPU
		{EA53B346-A3C3-4A99-95AA-00C8F1FAE1F8}.Debug|Any CPU.Build.0 = Debug|Any CPU
		{EA53B346-A3C3-4A99-95AA-00C8F1FAE1F8}.Release|Any CPU.ActiveCfg = Release|Any CPU
		{EA53B346-A3C3-4A99-95AA-00C8F1FAE1F8}.Release|Any CPU.Build.0 = Release|Any CPU
	EndGlobalSection
	GlobalSection(SolutionProperties) = preSolution
		HideSolutionNode = FALSE
	EndGlobalSection
	GlobalSection(ExtensibilityGlobals) = postSolution
		SolutionGuid = {3F285E8C-35F8-4F77-9FA5-D701AD36431C}
	EndGlobalSection
EndGlobal
